PODS:
  - Birch (1.4.0)
  - BirchLumberjack (1.1.0):
    - Birch
    - CocoaLumberjack
  - CocoaLumberjack (3.7.4):
    - CocoaLumberjack/Core (= 3.7.4)
  - CocoaLumberjack/Core (3.7.4)

DEPENDENCIES:
  - BirchLumberjack (from `../`)

SPEC REPOS:
  trunk:
    - Birch
    - CocoaLumberjack

EXTERNAL SOURCES:
  BirchLumberjack:
    :path: "../"

SPEC CHECKSUMS:
  Birch: f9403f7ef86edb088876af7af2ba32c6db959e21
  BirchLumberjack: d9d5a167e12ea84a2cebb04b24079aad88bc950e
  CocoaLumberjack: 543c79c114dadc3b1aba95641d8738b06b05b646

PODFILE CHECKSUM: e9fadcec231fa5b77c79f79def25e7f7f698b6e5

COCOAPODS: 1.11.3
