PODS:
  - Birch (1.4.0)
  - BirchLumberjack (1.2.0):
    - Birch
    - CocoaLumberjack
  - CocoaLumberjack (3.7.4):
    - CocoaLumberjack/Core (= 3.7.4)
  - CocoaLumberjack/Core (3.7.4)

DEPENDENCIES:
  - BirchLumberjack (from `../`)

SPEC REPOS:
  trunk:
    - Birch
    - CocoaLumberjack

EXTERNAL SOURCES:
  BirchLumberjack:
    :path: "../"

SPEC CHECKSUMS:
  Birch: f9403f7ef86edb088876af7af2ba32c6db959e21
  BirchLumberjack: 5c8e577d312e4d301a06cca522b5892d0f941188
  CocoaLumberjack: 543c79c114dadc3b1aba95641d8738b06b05b646

PODFILE CHECKSUM: 8228ad7d23e79f1568ae95c36531589aea4995be

COCOAPODS: 1.11.3
